
Microsoft Visual Studio Solution File, Format Version 12.00
# Visual Studio Version 17
VisualStudioVersion = 17.5.002.0
MinimumVisualStudioVersion = 10.0.40219.1
Project("{9A19103F-16F7-4668-BE54-9A1E7A4F7556}") = "count-the-number-of-consistent-strings", "count-the-number-of-consistent-strings.csproj", "{32B41F71-8A53-4602-955C-76DD6D01CEAD}"
EndProject
Global
	GlobalSection(SolutionConfigurationPlatforms) = preSolution
		Debug|Any CPU = Debug|Any CPU
		Release|Any CPU = Release|Any CPU
	EndGlobalSection
	GlobalSection(ProjectConfigurationPlatforms) = postSolution
		{32B41F71-8A53-4602-955C-76DD6D01CEAD}.Debug|Any CPU.ActiveCfg = Debug|Any CPU
		{32B41F71-8A53-4602-955C-76DD6D01CEAD}.Debug|Any CPU.Build.0 = Debug|Any CPU
		{32B41F71-8A53-4602-955C-76DD6D01CEAD}.Release|Any CPU.ActiveCfg = Release|Any CPU
		{32B41F71-8A53-4602-955C-76DD6D01CEAD}.Release|Any CPU.Build.0 = Release|Any CPU
	EndGlobalSection
	GlobalSection(SolutionProperties) = preSolution
		HideSolutionNode = FALSE
	EndGlobalSection
	GlobalSection(ExtensibilityGlobals) = postSolution
		SolutionGuid = {64251921-A217-4132-93E6-615B0B2960E5}
	EndGlobalSection
EndGlobal
